
Microsoft Visual Studio Solution File, Format Version 12.00
# Visual Studio Version 16
VisualStudioVersion = 16.0.31229.75
MinimumVisualStudioVersion = 10.0.40219.1
Project("{9A19103F-16F7-4668-BE54-9A1E7A4F7556}") = "WestmeathLibraryEMS", "WestmeathLibraryEMS.csproj", "{F1CFB892-0D72-4062-8143-12E4CD88258F}"
EndProject
Global
	GlobalSection(SolutionConfigurationPlatforms) = preSolution
		Debug|Any CPU = Debug|Any CPU
		Release|Any CPU = Release|Any CPU
	EndGlobalSection
	GlobalSection(ProjectConfigurationPlatforms) = postSolution
		{F1CFB892-0D72-4062-8143-12E4CD88258F}.Debug|Any CPU.ActiveCfg = Debug|Any CPU
		{F1CFB892-0D72-4062-8143-12E4CD88258F}.Debug|Any CPU.Build.0 = Debug|Any CPU
		{F1CFB892-0D72-4062-8143-12E4CD88258F}.Release|Any CPU.ActiveCfg = Release|Any CPU
		{F1CFB892-0D72-4062-8143-12E4CD88258F}.Release|Any CPU.Build.0 = Release|Any CPU
	EndGlobalSection
	GlobalSection(SolutionProperties) = preSolution
		HideSolutionNode = FALSE
	EndGlobalSection
	GlobalSection(ExtensibilityGlobals) = postSolution
		SolutionGuid = {77758663-E4A1-4D22-8213-44B392CB277D}
	EndGlobalSection
EndGlobal
